
Microsoft Visual Studio Solution File, Format Version 12.00
# Visual Studio Version 17
VisualStudioVersion = 17.8.34330.188
MinimumVisualStudioVersion = 10.0.40219.1
Project("{2150E333-8FDC-42A3-9474-1A3956D46DE8}") = "API", "API", "{0FAFC471-E3E8-4DE8-9147-6B03E1D1FF8C}"
EndProject
Project("{FAE04EC0-301F-11D3-BF4B-00C04F79EFBC}") = "ModularMonolith.API", "ModularMonolith.API\ModularMonolith.API.csproj", "{CBD91480-705A-47A9-96E5-4FE658A6F0EE}"
EndProject
Project("{2150E333-8FDC-42A3-9474-1A3956D46DE8}") = "Databases", "Databases", "{8654273C-993C-41A1-928D-3DE91BEA5FC9}"
EndProject
Project("{2150E333-8FDC-42A3-9474-1A3956D46DE8}") = "Modules", "Modules", "{E66F780F-BA78-47B1-9393-8749C1859FFE}"
EndProject
Project("{2150E333-8FDC-42A3-9474-1A3956D46DE8}") = "Doctor", "Doctor", "{E6188870-4B30-4A4A-8556-6E3165EDFE89}"
EndProject
Project("{2150E333-8FDC-42A3-9474-1A3956D46DE8}") = "Patient", "Patient", "{FABB13B3-6C45-4D5C-A037-C65DCE2AA367}"
EndProject
Project("{2150E333-8FDC-42A3-9474-1A3956D46DE8}") = "Appointment", "Appointment", "{6DC8E5AF-3006-4C4A-9EB8-FD3F03A076B9}"
EndProject
Project("{FAE04EC0-301F-11D3-BF4B-00C04F79EFBC}") = "Patient.Domain", "Patient.Domain\Patient.Domain.csproj", "{8F9795E1-30E2-4A8D-9172-684C03A24AD4}"
EndProject
Project("{FAE04EC0-301F-11D3-BF4B-00C04F79EFBC}") = "Patient.Infrastructure", "Patient.Infrastructure\Patient.Infrastructure.csproj", "{0249E891-ADB4-4F7B-8177-5F65BEB8FA21}"
EndProject
Project("{FAE04EC0-301F-11D3-BF4B-00C04F79EFBC}") = "Patient.ApplicationServices", "Patient.ApplicationServices\Patient.ApplicationServices.csproj", "{19517A75-7064-4725-9B7B-81E09E70CEEB}"
EndProject
Project("{FAE04EC0-301F-11D3-BF4B-00C04F79EFBC}") = "Patient.DependencyInjection", "Patient.DependencyInjection\Patient.DependencyInjection.csproj", "{CFD9EB17-EFE9-4CBC-95DC-A3DA9B3118F6}"
EndProject
Project("{FAE04EC0-301F-11D3-BF4B-00C04F79EFBC}") = "Doctor.Domain", "Doctor.Domain\Doctor.Domain.csproj", "{8F612507-F031-4C77-B54E-851DCCCDF849}"
EndProject
Project("{FAE04EC0-301F-11D3-BF4B-00C04F79EFBC}") = "Doctor.ApplicationService", "Doctor.ApplicationService\Doctor.ApplicationService.csproj", "{D466C30A-16EC-4C8E-A2D8-91E8D11C39F5}"
EndProject
Project("{FAE04EC0-301F-11D3-BF4B-00C04F79EFBC}") = "Doctor.DependencyInjection", "Doctor.DependencyInjection\Doctor.DependencyInjection.csproj", "{73A8F692-B2BC-4D2B-929A-ADC6A6AE8A19}"
EndProject
Project("{FAE04EC0-301F-11D3-BF4B-00C04F79EFBC}") = "Doctor.Infrasctructure", "Doctor.Infrasctructure\Doctor.Infrasctructure.csproj", "{549646AC-8402-483A-A094-0CBC1D5BD09F}"
EndProject
Project("{FAE04EC0-301F-11D3-BF4B-00C04F79EFBC}") = "ModularMonolith.Database", "ModularMonolith.Database\ModularMonolith.Database.csproj", "{93742579-535C-4027-8B0C-934B8F4E3BE1}"
EndProject
Project("{FAE04EC0-301F-11D3-BF4B-00C04F79EFBC}") = "Appointment.ApplicationService", "Appointment.ApplicationService\Appointment.ApplicationService.csproj", "{32FAFCC4-D983-4236-9F63-A350F3642A6E}"
EndProject
Project("{FAE04EC0-301F-11D3-BF4B-00C04F79EFBC}") = "Appointment.DependencyInjection", "Appointment.DependencyInjection\Appointment.DependencyInjection.csproj", "{4B534AFA-8BE3-432F-8C71-A0C7239F07CB}"
EndProject
Project("{FAE04EC0-301F-11D3-BF4B-00C04F79EFBC}") = "Appointment.Infrastructure", "Appointment.Infrastructure\Appointment.Infrastructure.csproj", "{307D3497-2CCE-42F6-BD3E-F018D5039AB6}"
EndProject
Project("{FAE04EC0-301F-11D3-BF4B-00C04F79EFBC}") = "Appointment.Domain", "Appointment.Domain\Appointment.Domain.csproj", "{9F70B9B9-3CFE-4364-B9DE-9A0C5805066E}"
EndProject
Global
	GlobalSection(SolutionConfigurationPlatforms) = preSolution
		Debug|Any CPU = Debug|Any CPU
		Release|Any CPU = Release|Any CPU
	EndGlobalSection
	GlobalSection(ProjectConfigurationPlatforms) = postSolution
		{CBD91480-705A-47A9-96E5-4FE658A6F0EE}.Debug|Any CPU.ActiveCfg = Debug|Any CPU
		{CBD91480-705A-47A9-96E5-4FE658A6F0EE}.Debug|Any CPU.Build.0 = Debug|Any CPU
		{CBD91480-705A-47A9-96E5-4FE658A6F0EE}.Release|Any CPU.ActiveCfg = Release|Any CPU
		{CBD91480-705A-47A9-96E5-4FE658A6F0EE}.Release|Any CPU.Build.0 = Release|Any CPU
		{8F9795E1-30E2-4A8D-9172-684C03A24AD4}.Debug|Any CPU.ActiveCfg = Debug|Any CPU
		{8F9795E1-30E2-4A8D-9172-684C03A24AD4}.Debug|Any CPU.Build.0 = Debug|Any CPU
		{8F9795E1-30E2-4A8D-9172-684C03A24AD4}.Release|Any CPU.ActiveCfg = Release|Any CPU
		{8F9795E1-30E2-4A8D-9172-684C03A24AD4}.Release|Any CPU.Build.0 = Release|Any CPU
		{0249E891-ADB4-4F7B-8177-5F65BEB8FA21}.Debug|Any CPU.ActiveCfg = Debug|Any CPU
		{0249E891-ADB4-4F7B-8177-5F65BEB8FA21}.Debug|Any CPU.Build.0 = Debug|Any CPU
		{0249E891-ADB4-4F7B-8177-5F65BEB8FA21}.Release|Any CPU.ActiveCfg = Release|Any CPU
		{0249E891-ADB4-4F7B-8177-5F65BEB8FA21}.Release|Any CPU.Build.0 = Release|Any CPU
		{19517A75-7064-4725-9B7B-81E09E70CEEB}.Debug|Any CPU.ActiveCfg = Debug|Any CPU
		{19517A75-7064-4725-9B7B-81E09E70CEEB}.Debug|Any CPU.Build.0 = Debug|Any CPU
		{19517A75-7064-4725-9B7B-81E09E70CEEB}.Release|Any CPU.ActiveCfg = Release|Any CPU
		{19517A75-7064-4725-9B7B-81E09E70CEEB}.Release|Any CPU.Build.0 = Release|Any CPU
		{CFD9EB17-EFE9-4CBC-95DC-A3DA9B3118F6}.Debug|Any CPU.ActiveCfg = Debug|Any CPU
		{CFD9EB17-EFE9-4CBC-95DC-A3DA9B3118F6}.Debug|Any CPU.Build.0 = Debug|Any CPU
		{CFD9EB17-EFE9-4CBC-95DC-A3DA9B3118F6}.Release|Any CPU.ActiveCfg = Release|Any CPU
		{CFD9EB17-EFE9-4CBC-95DC-A3DA9B3118F6}.Release|Any CPU.Build.0 = Release|Any CPU
		{8F612507-F031-4C77-B54E-851DCCCDF849}.Debug|Any CPU.ActiveCfg = Debug|Any CPU
		{8F612507-F031-4C77-B54E-851DCCCDF849}.Debug|Any CPU.Build.0 = Debug|Any CPU
		{8F612507-F031-4C77-B54E-851DCCCDF849}.Release|Any CPU.ActiveCfg = Release|Any CPU
		{8F612507-F031-4C77-B54E-851DCCCDF849}.Release|Any CPU.Build.0 = Release|Any CPU
		{D466C30A-16EC-4C8E-A2D8-91E8D11C39F5}.Debug|Any CPU.ActiveCfg = Debug|Any CPU
		{D466C30A-16EC-4C8E-A2D8-91E8D11C39F5}.Debug|Any CPU.Build.0 = Debug|Any CPU
		{D466C30A-16EC-4C8E-A2D8-91E8D11C39F5}.Release|Any CPU.ActiveCfg = Release|Any CPU
		{D466C30A-16EC-4C8E-A2D8-91E8D11C39F5}.Release|Any CPU.Build.0 = Release|Any CPU
		{73A8F692-B2BC-4D2B-929A-ADC6A6AE8A19}.Debug|Any CPU.ActiveCfg = Debug|Any CPU
		{73A8F692-B2BC-4D2B-929A-ADC6A6AE8A19}.Debug|Any CPU.Build.0 = Debug|Any CPU
		{73A8F692-B2BC-4D2B-929A-ADC6A6AE8A19}.Release|Any CPU.ActiveCfg = Release|Any CPU
		{73A8F692-B2BC-4D2B-929A-ADC6A6AE8A19}.Release|Any CPU.Build.0 = Release|Any CPU
		{549646AC-8402-483A-A094-0CBC1D5BD09F}.Debug|Any CPU.ActiveCfg = Debug|Any CPU
		{549646AC-8402-483A-A094-0CBC1D5BD09F}.Debug|Any CPU.Build.0 = Debug|Any CPU
		{549646AC-8402-483A-A094-0CBC1D5BD09F}.Release|Any CPU.ActiveCfg = Release|Any CPU
		{549646AC-8402-483A-A094-0CBC1D5BD09F}.Release|Any CPU.Build.0 = Release|Any CPU
		{93742579-535C-4027-8B0C-934B8F4E3BE1}.Debug|Any CPU.ActiveCfg = Debug|Any CPU
		{93742579-535C-4027-8B0C-934B8F4E3BE1}.Debug|Any CPU.Build.0 = Debug|Any CPU
		{93742579-535C-4027-8B0C-934B8F4E3BE1}.Release|Any CPU.ActiveCfg = Release|Any CPU
		{93742579-535C-4027-8B0C-934B8F4E3BE1}.Release|Any CPU.Build.0 = Release|Any CPU
		{32FAFCC4-D983-4236-9F63-A350F3642A6E}.Debug|Any CPU.ActiveCfg = Debug|Any CPU
		{32FAFCC4-D983-4236-9F63-A350F3642A6E}.Debug|Any CPU.Build.0 = Debug|Any CPU
		{32FAFCC4-D983-4236-9F63-A350F3642A6E}.Release|Any CPU.ActiveCfg = Release|Any CPU
		{32FAFCC4-D983-4236-9F63-A350F3642A6E}.Release|Any CPU.Build.0 = Release|Any CPU
		{4B534AFA-8BE3-432F-8C71-A0C7239F07CB}.Debug|Any CPU.ActiveCfg = Debug|Any CPU
		{4B534AFA-8BE3-432F-8C71-A0C7239F07CB}.Debug|Any CPU.Build.0 = Debug|Any CPU
		{4B534AFA-8BE3-432F-8C71-A0C7239F07CB}.Release|Any CPU.ActiveCfg = Release|Any CPU
		{4B534AFA-8BE3-432F-8C71-A0C7239F07CB}.Release|Any CPU.Build.0 = Release|Any CPU
		{307D3497-2CCE-42F6-BD3E-F018D5039AB6}.Debug|Any CPU.ActiveCfg = Debug|Any CPU
		{307D3497-2CCE-42F6-BD3E-F018D5039AB6}.Debug|Any CPU.Build.0 = Debug|Any CPU
		{307D3497-2CCE-42F6-BD3E-F018D5039AB6}.Release|Any CPU.ActiveCfg = Release|Any CPU
		{307D3497-2CCE-42F6-BD3E-F018D5039AB6}.Release|Any CPU.Build.0 = Release|Any CPU
		{9F70B9B9-3CFE-4364-B9DE-9A0C5805066E}.Debug|Any CPU.ActiveCfg = Debug|Any CPU
		{9F70B9B9-3CFE-4364-B9DE-9A0C5805066E}.Debug|Any CPU.Build.0 = Debug|Any CPU
		{9F70B9B9-3CFE-4364-B9DE-9A0C5805066E}.Release|Any CPU.ActiveCfg = Release|Any CPU
		{9F70B9B9-3CFE-4364-B9DE-9A0C5805066E}.Release|Any CPU.Build.0 = Release|Any CPU
	EndGlobalSection
	GlobalSection(SolutionProperties) = preSolution
		HideSolutionNode = FALSE
	EndGlobalSection
	GlobalSection(NestedProjects) = preSolution
		{CBD91480-705A-47A9-96E5-4FE658A6F0EE} = {0FAFC471-E3E8-4DE8-9147-6B03E1D1FF8C}
		{E6188870-4B30-4A4A-8556-6E3165EDFE89} = {E66F780F-BA78-47B1-9393-8749C1859FFE}
		{FABB13B3-6C45-4D5C-A037-C65DCE2AA367} = {E66F780F-BA78-47B1-9393-8749C1859FFE}
		{6DC8E5AF-3006-4C4A-9EB8-FD3F03A076B9} = {E66F780F-BA78-47B1-9393-8749C1859FFE}
		{8F9795E1-30E2-4A8D-9172-684C03A24AD4} = {FABB13B3-6C45-4D5C-A037-C65DCE2AA367}
		{0249E891-ADB4-4F7B-8177-5F65BEB8FA21} = {FABB13B3-6C45-4D5C-A037-C65DCE2AA367}
		{19517A75-7064-4725-9B7B-81E09E70CEEB} = {FABB13B3-6C45-4D5C-A037-C65DCE2AA367}
		{CFD9EB17-EFE9-4CBC-95DC-A3DA9B3118F6} = {FABB13B3-6C45-4D5C-A037-C65DCE2AA367}
		{8F612507-F031-4C77-B54E-851DCCCDF849} = {E6188870-4B30-4A4A-8556-6E3165EDFE89}
		{D466C30A-16EC-4C8E-A2D8-91E8D11C39F5} = {E6188870-4B30-4A4A-8556-6E3165EDFE89}
		{73A8F692-B2BC-4D2B-929A-ADC6A6AE8A19} = {E6188870-4B30-4A4A-8556-6E3165EDFE89}
		{549646AC-8402-483A-A094-0CBC1D5BD09F} = {E6188870-4B30-4A4A-8556-6E3165EDFE89}
		{93742579-535C-4027-8B0C-934B8F4E3BE1} = {8654273C-993C-41A1-928D-3DE91BEA5FC9}
		{32FAFCC4-D983-4236-9F63-A350F3642A6E} = {6DC8E5AF-3006-4C4A-9EB8-FD3F03A076B9}
		{4B534AFA-8BE3-432F-8C71-A0C7239F07CB} = {6DC8E5AF-3006-4C4A-9EB8-FD3F03A076B9}
		{307D3497-2CCE-42F6-BD3E-F018D5039AB6} = {6DC8E5AF-3006-4C4A-9EB8-FD3F03A076B9}
		{9F70B9B9-3CFE-4364-B9DE-9A0C5805066E} = {6DC8E5AF-3006-4C4A-9EB8-FD3F03A076B9}
	EndGlobalSection
	GlobalSection(ExtensibilityGlobals) = postSolution
		SolutionGuid = {9E038C55-8DE0-46FE-9F3E-A754EAE3F13B}
	EndGlobalSection
EndGlobal
