
Microsoft Visual Studio Solution File, Format Version 12.00
# Visual Studio Version 17
VisualStudioVersion = 17.8.34330.188
MinimumVisualStudioVersion = 10.0.40219.1
Project("{2150E333-8FDC-42A3-9474-1A3956D46DE8}") = "API", "API", "{0FAFC471-E3E8-4DE8-9147-6B03E1D1FF8C}"
EndProject
Project("{2150E333-8FDC-42A3-9474-1A3956D46DE8}") = "Modules", "Modules", "{E66F780F-BA78-47B1-9393-8749C1859FFE}"
EndProject
Project("{2150E333-8FDC-42A3-9474-1A3956D46DE8}") = "Doctor", "Doctor", "{E6188870-4B30-4A4A-8556-6E3165EDFE89}"
EndProject
Project("{2150E333-8FDC-42A3-9474-1A3956D46DE8}") = "Patient", "Patient", "{FABB13B3-6C45-4D5C-A037-C65DCE2AA367}"
EndProject
Project("{2150E333-8FDC-42A3-9474-1A3956D46DE8}") = "Appointment", "Appointment", "{6DC8E5AF-3006-4C4A-9EB8-FD3F03A076B9}"
EndProject
Project("{2150E333-8FDC-42A3-9474-1A3956D46DE8}") = "Tests", "Tests", "{84BBF80D-957C-430A-9006-6B17470B0E87}"
EndProject
Project("{2150E333-8FDC-42A3-9474-1A3956D46DE8}") = "Common", "Common", "{15D5FE92-07F7-462C-836C-E9E8D57FCD8F}"
EndProject
Project("{E53339B2-1760-4266-BCC7-CA923CBCF16C}") = "docker-compose", "docker-compose.dcproj", "{801D1621-48F7-4CF6-8B70-179FDB1615B7}"
EndProject
Project("{9A19103F-16F7-4668-BE54-9A1E7A4F7556}") = "ModularMonolith.Common", "src\Common\ModularMonolith.Common\ModularMonolith.Common.csproj", "{3B6271E1-BF87-45A4-B5D3-2FC7B301917D}"
EndProject
Project("{9A19103F-16F7-4668-BE54-9A1E7A4F7556}") = "ModularMonolith.API", "src\API\ModularMonolith.API\ModularMonolith.API.csproj", "{4C8EFF2A-3420-4AC1-A02D-C8746333178E}"
EndProject
Project("{9A19103F-16F7-4668-BE54-9A1E7A4F7556}") = "UnitTests", "tests\UnitTests\UnitTests.csproj", "{12077E9B-A2FB-46D2-8AB9-9C5669B16FC2}"
EndProject
Project("{9A19103F-16F7-4668-BE54-9A1E7A4F7556}") = "Appointment.Domain", "src\Modules\Appointment\Appointment.Domain\Appointment.Domain.csproj", "{8BFB75E0-77B5-4778-997B-E7BF49A8CA0B}"
EndProject
Project("{9A19103F-16F7-4668-BE54-9A1E7A4F7556}") = "Appointment.Infrastructure", "src\Modules\Appointment\Appointment.Infrastructure\Appointment.Infrastructure.csproj", "{EEA876AA-A1CB-44C3-8B5C-F74E4EC37641}"
EndProject
Project("{9A19103F-16F7-4668-BE54-9A1E7A4F7556}") = "Appointment.ApplicationService", "src\Modules\Appointment\Appointment.ApplicationService\Appointment.ApplicationService.csproj", "{800FCC23-8085-4099-BDAD-4377C20A626D}"
EndProject
Project("{9A19103F-16F7-4668-BE54-9A1E7A4F7556}") = "Appointment.DependencyInjection", "src\Modules\Appointment\Appointment.DependencyInjection\Appointment.DependencyInjection.csproj", "{F6CEB682-80B1-4B03-9E69-ED387B98ECCE}"
EndProject
Project("{9A19103F-16F7-4668-BE54-9A1E7A4F7556}") = "Doctor.Domain", "src\Modules\Doctor\Doctor.Domain\Doctor.Domain.csproj", "{D464BC9E-859B-4E20-9FD5-A034BDDB3A7E}"
EndProject
Project("{9A19103F-16F7-4668-BE54-9A1E7A4F7556}") = "Doctor.Infrastructure", "src\Modules\Doctor\Doctor.Infrastructure\Doctor.Infrastructure.csproj", "{925DE8DB-3178-417E-9B6D-86FDF2D504BC}"
EndProject
Project("{9A19103F-16F7-4668-BE54-9A1E7A4F7556}") = "Doctor.ApplicationService", "src\Modules\Doctor\Doctor.ApplicationService\Doctor.ApplicationService.csproj", "{5EAECFD1-378A-423F-944B-8441C48A7A36}"
EndProject
Project("{9A19103F-16F7-4668-BE54-9A1E7A4F7556}") = "Doctor.DependencyInjection", "src\Modules\Doctor\Doctor.DependencyInjection\Doctor.DependencyInjection.csproj", "{E131DD09-8FEE-4E13-BAA0-39961520DC32}"
EndProject
Project("{9A19103F-16F7-4668-BE54-9A1E7A4F7556}") = "Patient.Domain", "src\Modules\Patient\Patient.Domain\Patient.Domain.csproj", "{78D68913-C20A-4E5B-879A-8E186F397DB8}"
EndProject
Project("{9A19103F-16F7-4668-BE54-9A1E7A4F7556}") = "Patient.Infrastructure", "src\Modules\Patient\Patient.Infrastructure\Patient.Infrastructure.csproj", "{B94BE9F6-CED3-4A1C-8DD8-8D9E17B0106A}"
EndProject
Project("{9A19103F-16F7-4668-BE54-9A1E7A4F7556}") = "Patient.ApplicationServices", "src\Modules\Patient\Patient.ApplicationServices\Patient.ApplicationServices.csproj", "{83D0114D-0675-441B-8C79-BBE210F2E28D}"
EndProject
Project("{9A19103F-16F7-4668-BE54-9A1E7A4F7556}") = "Patient.DependencyInjection", "src\Modules\Patient\Patient.DependencyInjection\Patient.DependencyInjection.csproj", "{980D80BE-73DA-4759-B35C-22B52C78BD50}"
EndProject
Global
	GlobalSection(SolutionConfigurationPlatforms) = preSolution
		Debug|Any CPU = Debug|Any CPU
		Release|Any CPU = Release|Any CPU
	EndGlobalSection
	GlobalSection(ProjectConfigurationPlatforms) = postSolution
		{801D1621-48F7-4CF6-8B70-179FDB1615B7}.Debug|Any CPU.ActiveCfg = Debug|Any CPU
		{801D1621-48F7-4CF6-8B70-179FDB1615B7}.Debug|Any CPU.Build.0 = Debug|Any CPU
		{801D1621-48F7-4CF6-8B70-179FDB1615B7}.Release|Any CPU.ActiveCfg = Release|Any CPU
		{801D1621-48F7-4CF6-8B70-179FDB1615B7}.Release|Any CPU.Build.0 = Release|Any CPU
		{3B6271E1-BF87-45A4-B5D3-2FC7B301917D}.Debug|Any CPU.ActiveCfg = Debug|Any CPU
		{3B6271E1-BF87-45A4-B5D3-2FC7B301917D}.Debug|Any CPU.Build.0 = Debug|Any CPU
		{3B6271E1-BF87-45A4-B5D3-2FC7B301917D}.Release|Any CPU.ActiveCfg = Release|Any CPU
		{3B6271E1-BF87-45A4-B5D3-2FC7B301917D}.Release|Any CPU.Build.0 = Release|Any CPU
		{4C8EFF2A-3420-4AC1-A02D-C8746333178E}.Debug|Any CPU.ActiveCfg = Debug|Any CPU
		{4C8EFF2A-3420-4AC1-A02D-C8746333178E}.Debug|Any CPU.Build.0 = Debug|Any CPU
		{4C8EFF2A-3420-4AC1-A02D-C8746333178E}.Release|Any CPU.ActiveCfg = Release|Any CPU
		{4C8EFF2A-3420-4AC1-A02D-C8746333178E}.Release|Any CPU.Build.0 = Release|Any CPU
		{12077E9B-A2FB-46D2-8AB9-9C5669B16FC2}.Debug|Any CPU.ActiveCfg = Debug|Any CPU
		{12077E9B-A2FB-46D2-8AB9-9C5669B16FC2}.Debug|Any CPU.Build.0 = Debug|Any CPU
		{12077E9B-A2FB-46D2-8AB9-9C5669B16FC2}.Release|Any CPU.ActiveCfg = Release|Any CPU
		{12077E9B-A2FB-46D2-8AB9-9C5669B16FC2}.Release|Any CPU.Build.0 = Release|Any CPU
		{8BFB75E0-77B5-4778-997B-E7BF49A8CA0B}.Debug|Any CPU.ActiveCfg = Debug|Any CPU
		{8BFB75E0-77B5-4778-997B-E7BF49A8CA0B}.Debug|Any CPU.Build.0 = Debug|Any CPU
		{8BFB75E0-77B5-4778-997B-E7BF49A8CA0B}.Release|Any CPU.ActiveCfg = Release|Any CPU
		{8BFB75E0-77B5-4778-997B-E7BF49A8CA0B}.Release|Any CPU.Build.0 = Release|Any CPU
		{EEA876AA-A1CB-44C3-8B5C-F74E4EC37641}.Debug|Any CPU.ActiveCfg = Debug|Any CPU
		{EEA876AA-A1CB-44C3-8B5C-F74E4EC37641}.Debug|Any CPU.Build.0 = Debug|Any CPU
		{EEA876AA-A1CB-44C3-8B5C-F74E4EC37641}.Release|Any CPU.ActiveCfg = Release|Any CPU
		{EEA876AA-A1CB-44C3-8B5C-F74E4EC37641}.Release|Any CPU.Build.0 = Release|Any CPU
		{800FCC23-8085-4099-BDAD-4377C20A626D}.Debug|Any CPU.ActiveCfg = Debug|Any CPU
		{800FCC23-8085-4099-BDAD-4377C20A626D}.Debug|Any CPU.Build.0 = Debug|Any CPU
		{800FCC23-8085-4099-BDAD-4377C20A626D}.Release|Any CPU.ActiveCfg = Release|Any CPU
		{800FCC23-8085-4099-BDAD-4377C20A626D}.Release|Any CPU.Build.0 = Release|Any CPU
		{F6CEB682-80B1-4B03-9E69-ED387B98ECCE}.Debug|Any CPU.ActiveCfg = Debug|Any CPU
		{F6CEB682-80B1-4B03-9E69-ED387B98ECCE}.Debug|Any CPU.Build.0 = Debug|Any CPU
		{F6CEB682-80B1-4B03-9E69-ED387B98ECCE}.Release|Any CPU.ActiveCfg = Release|Any CPU
		{F6CEB682-80B1-4B03-9E69-ED387B98ECCE}.Release|Any CPU.Build.0 = Release|Any CPU
		{D464BC9E-859B-4E20-9FD5-A034BDDB3A7E}.Debug|Any CPU.ActiveCfg = Debug|Any CPU
		{D464BC9E-859B-4E20-9FD5-A034BDDB3A7E}.Debug|Any CPU.Build.0 = Debug|Any CPU
		{D464BC9E-859B-4E20-9FD5-A034BDDB3A7E}.Release|Any CPU.ActiveCfg = Release|Any CPU
		{D464BC9E-859B-4E20-9FD5-A034BDDB3A7E}.Release|Any CPU.Build.0 = Release|Any CPU
		{925DE8DB-3178-417E-9B6D-86FDF2D504BC}.Debug|Any CPU.ActiveCfg = Debug|Any CPU
		{925DE8DB-3178-417E-9B6D-86FDF2D504BC}.Debug|Any CPU.Build.0 = Debug|Any CPU
		{925DE8DB-3178-417E-9B6D-86FDF2D504BC}.Release|Any CPU.ActiveCfg = Release|Any CPU
		{925DE8DB-3178-417E-9B6D-86FDF2D504BC}.Release|Any CPU.Build.0 = Release|Any CPU
		{5EAECFD1-378A-423F-944B-8441C48A7A36}.Debug|Any CPU.ActiveCfg = Debug|Any CPU
		{5EAECFD1-378A-423F-944B-8441C48A7A36}.Debug|Any CPU.Build.0 = Debug|Any CPU
		{5EAECFD1-378A-423F-944B-8441C48A7A36}.Release|Any CPU.ActiveCfg = Release|Any CPU
		{5EAECFD1-378A-423F-944B-8441C48A7A36}.Release|Any CPU.Build.0 = Release|Any CPU
		{E131DD09-8FEE-4E13-BAA0-39961520DC32}.Debug|Any CPU.ActiveCfg = Debug|Any CPU
		{E131DD09-8FEE-4E13-BAA0-39961520DC32}.Debug|Any CPU.Build.0 = Debug|Any CPU
		{E131DD09-8FEE-4E13-BAA0-39961520DC32}.Release|Any CPU.ActiveCfg = Release|Any CPU
		{E131DD09-8FEE-4E13-BAA0-39961520DC32}.Release|Any CPU.Build.0 = Release|Any CPU
		{78D68913-C20A-4E5B-879A-8E186F397DB8}.Debug|Any CPU.ActiveCfg = Debug|Any CPU
		{78D68913-C20A-4E5B-879A-8E186F397DB8}.Debug|Any CPU.Build.0 = Debug|Any CPU
		{78D68913-C20A-4E5B-879A-8E186F397DB8}.Release|Any CPU.ActiveCfg = Release|Any CPU
		{78D68913-C20A-4E5B-879A-8E186F397DB8}.Release|Any CPU.Build.0 = Release|Any CPU
		{B94BE9F6-CED3-4A1C-8DD8-8D9E17B0106A}.Debug|Any CPU.ActiveCfg = Debug|Any CPU
		{B94BE9F6-CED3-4A1C-8DD8-8D9E17B0106A}.Debug|Any CPU.Build.0 = Debug|Any CPU
		{B94BE9F6-CED3-4A1C-8DD8-8D9E17B0106A}.Release|Any CPU.ActiveCfg = Release|Any CPU
		{B94BE9F6-CED3-4A1C-8DD8-8D9E17B0106A}.Release|Any CPU.Build.0 = Release|Any CPU
		{83D0114D-0675-441B-8C79-BBE210F2E28D}.Debug|Any CPU.ActiveCfg = Debug|Any CPU
		{83D0114D-0675-441B-8C79-BBE210F2E28D}.Debug|Any CPU.Build.0 = Debug|Any CPU
		{83D0114D-0675-441B-8C79-BBE210F2E28D}.Release|Any CPU.ActiveCfg = Release|Any CPU
		{83D0114D-0675-441B-8C79-BBE210F2E28D}.Release|Any CPU.Build.0 = Release|Any CPU
		{980D80BE-73DA-4759-B35C-22B52C78BD50}.Debug|Any CPU.ActiveCfg = Debug|Any CPU
		{980D80BE-73DA-4759-B35C-22B52C78BD50}.Debug|Any CPU.Build.0 = Debug|Any CPU
		{980D80BE-73DA-4759-B35C-22B52C78BD50}.Release|Any CPU.ActiveCfg = Release|Any CPU
		{980D80BE-73DA-4759-B35C-22B52C78BD50}.Release|Any CPU.Build.0 = Release|Any CPU
	EndGlobalSection
	GlobalSection(SolutionProperties) = preSolution
		HideSolutionNode = FALSE
	EndGlobalSection
	GlobalSection(NestedProjects) = preSolution
		{E6188870-4B30-4A4A-8556-6E3165EDFE89} = {E66F780F-BA78-47B1-9393-8749C1859FFE}
		{FABB13B3-6C45-4D5C-A037-C65DCE2AA367} = {E66F780F-BA78-47B1-9393-8749C1859FFE}
		{6DC8E5AF-3006-4C4A-9EB8-FD3F03A076B9} = {E66F780F-BA78-47B1-9393-8749C1859FFE}
		{3B6271E1-BF87-45A4-B5D3-2FC7B301917D} = {15D5FE92-07F7-462C-836C-E9E8D57FCD8F}
		{4C8EFF2A-3420-4AC1-A02D-C8746333178E} = {0FAFC471-E3E8-4DE8-9147-6B03E1D1FF8C}
		{12077E9B-A2FB-46D2-8AB9-9C5669B16FC2} = {84BBF80D-957C-430A-9006-6B17470B0E87}
		{8BFB75E0-77B5-4778-997B-E7BF49A8CA0B} = {6DC8E5AF-3006-4C4A-9EB8-FD3F03A076B9}
		{EEA876AA-A1CB-44C3-8B5C-F74E4EC37641} = {6DC8E5AF-3006-4C4A-9EB8-FD3F03A076B9}
		{800FCC23-8085-4099-BDAD-4377C20A626D} = {6DC8E5AF-3006-4C4A-9EB8-FD3F03A076B9}
		{F6CEB682-80B1-4B03-9E69-ED387B98ECCE} = {6DC8E5AF-3006-4C4A-9EB8-FD3F03A076B9}
		{D464BC9E-859B-4E20-9FD5-A034BDDB3A7E} = {E6188870-4B30-4A4A-8556-6E3165EDFE89}
		{925DE8DB-3178-417E-9B6D-86FDF2D504BC} = {E6188870-4B30-4A4A-8556-6E3165EDFE89}
		{5EAECFD1-378A-423F-944B-8441C48A7A36} = {E6188870-4B30-4A4A-8556-6E3165EDFE89}
		{E131DD09-8FEE-4E13-BAA0-39961520DC32} = {E6188870-4B30-4A4A-8556-6E3165EDFE89}
		{78D68913-C20A-4E5B-879A-8E186F397DB8} = {FABB13B3-6C45-4D5C-A037-C65DCE2AA367}
		{B94BE9F6-CED3-4A1C-8DD8-8D9E17B0106A} = {FABB13B3-6C45-4D5C-A037-C65DCE2AA367}
		{83D0114D-0675-441B-8C79-BBE210F2E28D} = {FABB13B3-6C45-4D5C-A037-C65DCE2AA367}
		{980D80BE-73DA-4759-B35C-22B52C78BD50} = {FABB13B3-6C45-4D5C-A037-C65DCE2AA367}
	EndGlobalSection
	GlobalSection(ExtensibilityGlobals) = postSolution
		SolutionGuid = {9E038C55-8DE0-46FE-9F3E-A754EAE3F13B}
	EndGlobalSection
EndGlobal
